// !$*UTF8*$!
{
	archiveVersion = 1;
	classes = {
	};
	objectVersion = 56;
	objects = {

/* Begin PBXBuildFile section */
		272D31C92BBA4F7D001D7875 /* AppDelegate.swift in Sources */ = {isa = PBXBuildFile; fileRef = 272D31C82BBA4F7D001D7875 /* AppDelegate.swift */; };
		272D31CB2BBA4F7D001D7875 /* SceneDelegate.swift in Sources */ = {isa = PBXBuildFile; fileRef = 272D31CA2BBA4F7D001D7875 /* SceneDelegate.swift */; };
		272D31D22BBA4F7E001D7875 /* Assets.xcassets in Resources */ = {isa = PBXBuildFile; fileRef = 272D31D12BBA4F7E001D7875 /* Assets.xcassets */; };
		272D31D52BBA4F7E001D7875 /* Base in Resources */ = {isa = PBXBuildFile; fileRef = 272D31D42BBA4F7E001D7875 /* Base */; };
		272D31E72BBA5351001D7875 /* AppConfigurator.swift in Sources */ = {isa = PBXBuildFile; fileRef = 272D31E62BBA5351001D7875 /* AppConfigurator.swift */; };
		272D31ED2BBA543D001D7875 /* MyPigColors.swift in Sources */ = {isa = PBXBuildFile; fileRef = 272D31EC2BBA543D001D7875 /* MyPigColors.swift */; };
		272D31F12BBA54CF001D7875 /* UIColor+Hex.swift in Sources */ = {isa = PBXBuildFile; fileRef = 272D31F02BBA54CF001D7875 /* UIColor+Hex.swift */; };
		272D31F62BBA5739001D7875 /* MyPigButton.swift in Sources */ = {isa = PBXBuildFile; fileRef = 272D31F52BBA5739001D7875 /* MyPigButton.swift */; };
		272D31F82BBA5802001D7875 /* HomeViewController.swift in Sources */ = {isa = PBXBuildFile; fileRef = 272D31F72BBA5802001D7875 /* HomeViewController.swift */; };
		272D31FA2BBA582B001D7875 /* HomeView.swift in Sources */ = {isa = PBXBuildFile; fileRef = 272D31F92BBA582B001D7875 /* HomeView.swift */; };
		272D31FE2BBA5F43001D7875 /* CodableView.swift in Sources */ = {isa = PBXBuildFile; fileRef = 272D31FD2BBA5F42001D7875 /* CodableView.swift */; };
		272D32012BBA7EE8001D7875 /* UIView.swift in Sources */ = {isa = PBXBuildFile; fileRef = 272D32002BBA7EE8001D7875 /* UIView.swift */; };
		272D32042BBA7F3A001D7875 /* UIStackView.swift in Sources */ = {isa = PBXBuildFile; fileRef = 272D32032BBA7F3A001D7875 /* UIStackView.swift */; };
		272D32072BBA7FD5001D7875 /* Images.swift in Sources */ = {isa = PBXBuildFile; fileRef = 272D32062BBA7FD5001D7875 /* Images.swift */; };
		272D320A2BBA8787001D7875 /* Texts.swift in Sources */ = {isa = PBXBuildFile; fileRef = 272D32092BBA8787001D7875 /* Texts.swift */; };
		272D320E2BBB3F93001D7875 /* Fonts.swift in Sources */ = {isa = PBXBuildFile; fileRef = 272D320D2BBB3F93001D7875 /* Fonts.swift */; };
		272D32112BBB41B7001D7875 /* AppRouter.swift in Sources */ = {isa = PBXBuildFile; fileRef = 272D32102BBB41B7001D7875 /* AppRouter.swift */; };
		272D32142BBB4899001D7875 /* HomeRouter.swift in Sources */ = {isa = PBXBuildFile; fileRef = 272D32132BBB4899001D7875 /* HomeRouter.swift */; };
		272D32172BBB49C8001D7875 /* Home+Protocols.swift in Sources */ = {isa = PBXBuildFile; fileRef = 272D32162BBB49C8001D7875 /* Home+Protocols.swift */; };
		272D321D2BBB4DB6001D7875 /* SessionManager.swift in Sources */ = {isa = PBXBuildFile; fileRef = 272D321C2BBB4DB6001D7875 /* SessionManager.swift */; };
		272D32202BBB4F5C001D7875 /* Optional+String.swift in Sources */ = {isa = PBXBuildFile; fileRef = 272D321F2BBB4F5C001D7875 /* Optional+String.swift */; };
		272D32222BBB4F88001D7875 /* Keys.swift in Sources */ = {isa = PBXBuildFile; fileRef = 272D32212BBB4F88001D7875 /* Keys.swift */; };
		272D32292BBB5092001D7875 /* IntroViewController.swift in Sources */ = {isa = PBXBuildFile; fileRef = 272D32282BBB5092001D7875 /* IntroViewController.swift */; };
		272D322B2BBB5149001D7875 /* IntroView.swift in Sources */ = {isa = PBXBuildFile; fileRef = 272D322A2BBB5149001D7875 /* IntroView.swift */; };
		272D322E2BBB526B001D7875 /* Textfield.swift in Sources */ = {isa = PBXBuildFile; fileRef = 272D322D2BBB526B001D7875 /* Textfield.swift */; };
		272D32322BBB5547001D7875 /* GreenView.swift in Sources */ = {isa = PBXBuildFile; fileRef = 272D32312BBB5547001D7875 /* GreenView.swift */; };
		272D32352BBB6280001D7875 /* Regex.swift in Sources */ = {isa = PBXBuildFile; fileRef = 272D32342BBB6280001D7875 /* Regex.swift */; };
		272D32372BBCA5F1001D7875 /* String.swift in Sources */ = {isa = PBXBuildFile; fileRef = 272D32362BBCA5F1001D7875 /* String.swift */; };
		272D32392BBCACAF001D7875 /* IntroInteractor.swift in Sources */ = {isa = PBXBuildFile; fileRef = 272D32382BBCACAF001D7875 /* IntroInteractor.swift */; };
		272D323B2BBCAE60001D7875 /* IntroRouter.swift in Sources */ = {isa = PBXBuildFile; fileRef = 272D323A2BBCAE60001D7875 /* IntroRouter.swift */; };
		272D323E2BBCB07D001D7875 /* HomeConfigurator.swift in Sources */ = {isa = PBXBuildFile; fileRef = 272D323D2BBCB07D001D7875 /* HomeConfigurator.swift */; };
		272D32402BBCB490001D7875 /* Intro+Protocol.swift in Sources */ = {isa = PBXBuildFile; fileRef = 272D323F2BBCB490001D7875 /* Intro+Protocol.swift */; };
/* End PBXBuildFile section */

/* Begin PBXFileReference section */
		272D31C52BBA4F7D001D7875 /* SSV-app.app */ = {isa = PBXFileReference; explicitFileType = wrapper.application; includeInIndex = 0; path = "SSV-app.app"; sourceTree = BUILT_PRODUCTS_DIR; };
		272D31C82BBA4F7D001D7875 /* AppDelegate.swift */ = {isa = PBXFileReference; lastKnownFileType = sourcecode.swift; path = AppDelegate.swift; sourceTree = "<group>"; };
		272D31CA2BBA4F7D001D7875 /* SceneDelegate.swift */ = {isa = PBXFileReference; lastKnownFileType = sourcecode.swift; path = SceneDelegate.swift; sourceTree = "<group>"; };
		272D31D12BBA4F7E001D7875 /* Assets.xcassets */ = {isa = PBXFileReference; lastKnownFileType = folder.assetcatalog; path = Assets.xcassets; sourceTree = "<group>"; };
		272D31D42BBA4F7E001D7875 /* Base */ = {isa = PBXFileReference; lastKnownFileType = file.storyboard; name = Base; path = Base.lproj/LaunchScreen.storyboard; sourceTree = "<group>"; };
		272D31D62BBA4F7E001D7875 /* Info.plist */ = {isa = PBXFileReference; lastKnownFileType = text.plist.xml; path = Info.plist; sourceTree = "<group>"; };
		272D31E62BBA5351001D7875 /* AppConfigurator.swift */ = {isa = PBXFileReference; lastKnownFileType = sourcecode.swift; path = AppConfigurator.swift; sourceTree = "<group>"; };
		272D31EC2BBA543D001D7875 /* MyPigColors.swift */ = {isa = PBXFileReference; lastKnownFileType = sourcecode.swift; path = MyPigColors.swift; sourceTree = "<group>"; };
		272D31F02BBA54CF001D7875 /* UIColor+Hex.swift */ = {isa = PBXFileReference; lastKnownFileType = sourcecode.swift; path = "UIColor+Hex.swift"; sourceTree = "<group>"; };
		272D31F52BBA5739001D7875 /* MyPigButton.swift */ = {isa = PBXFileReference; lastKnownFileType = sourcecode.swift; path = MyPigButton.swift; sourceTree = "<group>"; };
		272D31F72BBA5802001D7875 /* HomeViewController.swift */ = {isa = PBXFileReference; lastKnownFileType = sourcecode.swift; path = HomeViewController.swift; sourceTree = "<group>"; };
		272D31F92BBA582B001D7875 /* HomeView.swift */ = {isa = PBXFileReference; lastKnownFileType = sourcecode.swift; path = HomeView.swift; sourceTree = "<group>"; };
		272D31FD2BBA5F42001D7875 /* CodableView.swift */ = {isa = PBXFileReference; lastKnownFileType = sourcecode.swift; path = CodableView.swift; sourceTree = "<group>"; };
		272D32002BBA7EE8001D7875 /* UIView.swift */ = {isa = PBXFileReference; lastKnownFileType = sourcecode.swift; path = UIView.swift; sourceTree = "<group>"; };
		272D32032BBA7F3A001D7875 /* UIStackView.swift */ = {isa = PBXFileReference; lastKnownFileType = sourcecode.swift; path = UIStackView.swift; sourceTree = "<group>"; };
		272D32062BBA7FD5001D7875 /* Images.swift */ = {isa = PBXFileReference; lastKnownFileType = sourcecode.swift; path = Images.swift; sourceTree = "<group>"; };
		272D32092BBA8787001D7875 /* Texts.swift */ = {isa = PBXFileReference; lastKnownFileType = sourcecode.swift; path = Texts.swift; sourceTree = "<group>"; };
		272D320D2BBB3F93001D7875 /* Fonts.swift */ = {isa = PBXFileReference; lastKnownFileType = sourcecode.swift; path = Fonts.swift; sourceTree = "<group>"; };
		272D32102BBB41B7001D7875 /* AppRouter.swift */ = {isa = PBXFileReference; lastKnownFileType = sourcecode.swift; path = AppRouter.swift; sourceTree = "<group>"; };
		272D32132BBB4899001D7875 /* HomeRouter.swift */ = {isa = PBXFileReference; lastKnownFileType = sourcecode.swift; path = HomeRouter.swift; sourceTree = "<group>"; };
		272D32162BBB49C8001D7875 /* Home+Protocols.swift */ = {isa = PBXFileReference; lastKnownFileType = sourcecode.swift; path = "Home+Protocols.swift"; sourceTree = "<group>"; };
		272D321C2BBB4DB6001D7875 /* SessionManager.swift */ = {isa = PBXFileReference; lastKnownFileType = sourcecode.swift; path = SessionManager.swift; sourceTree = "<group>"; };
		272D321F2BBB4F5C001D7875 /* Optional+String.swift */ = {isa = PBXFileReference; lastKnownFileType = sourcecode.swift; path = "Optional+String.swift"; sourceTree = "<group>"; };
		272D32212BBB4F88001D7875 /* Keys.swift */ = {isa = PBXFileReference; lastKnownFileType = sourcecode.swift; path = Keys.swift; sourceTree = "<group>"; };
		272D32282BBB5092001D7875 /* IntroViewController.swift */ = {isa = PBXFileReference; lastKnownFileType = sourcecode.swift; path = IntroViewController.swift; sourceTree = "<group>"; };
		272D322A2BBB5149001D7875 /* IntroView.swift */ = {isa = PBXFileReference; lastKnownFileType = sourcecode.swift; path = IntroView.swift; sourceTree = "<group>"; };
		272D322D2BBB526B001D7875 /* Textfield.swift */ = {isa = PBXFileReference; lastKnownFileType = sourcecode.swift; path = Textfield.swift; sourceTree = "<group>"; };
		272D32312BBB5547001D7875 /* GreenView.swift */ = {isa = PBXFileReference; lastKnownFileType = sourcecode.swift; path = GreenView.swift; sourceTree = "<group>"; };
		272D32342BBB6280001D7875 /* Regex.swift */ = {isa = PBXFileReference; lastKnownFileType = sourcecode.swift; path = Regex.swift; sourceTree = "<group>"; };
		272D32362BBCA5F1001D7875 /* String.swift */ = {isa = PBXFileReference; lastKnownFileType = sourcecode.swift; path = String.swift; sourceTree = "<group>"; };
		272D32382BBCACAF001D7875 /* IntroInteractor.swift */ = {isa = PBXFileReference; lastKnownFileType = sourcecode.swift; path = IntroInteractor.swift; sourceTree = "<group>"; };
		272D323A2BBCAE60001D7875 /* IntroRouter.swift */ = {isa = PBXFileReference; lastKnownFileType = sourcecode.swift; path = IntroRouter.swift; sourceTree = "<group>"; };
		272D323D2BBCB07D001D7875 /* HomeConfigurator.swift */ = {isa = PBXFileReference; lastKnownFileType = sourcecode.swift; path = HomeConfigurator.swift; sourceTree = "<group>"; };
		272D323F2BBCB490001D7875 /* Intro+Protocol.swift */ = {isa = PBXFileReference; lastKnownFileType = sourcecode.swift; path = "Intro+Protocol.swift"; sourceTree = "<group>"; };
/* End PBXFileReference section */

/* Begin PBXFrameworksBuildPhase section */
		272D31C22BBA4F7D001D7875 /* Frameworks */ = {
			isa = PBXFrameworksBuildPhase;
			buildActionMask = 2147483647;
			files = (
			);
			runOnlyForDeploymentPostprocessing = 0;
		};
/* End PBXFrameworksBuildPhase section */

/* Begin PBXGroup section */
		272D31BC2BBA4F7D001D7875 = {
			isa = PBXGroup;
			children = (
				272D31C72BBA4F7D001D7875 /* SSV-app */,
				272D31C62BBA4F7D001D7875 /* Products */,
			);
			sourceTree = "<group>";
		};
		272D31C62BBA4F7D001D7875 /* Products */ = {
			isa = PBXGroup;
			children = (
				272D31C52BBA4F7D001D7875 /* SSV-app.app */,
			);
			name = Products;
			sourceTree = "<group>";
		};
		272D31C72BBA4F7D001D7875 /* SSV-app */ = {
			isa = PBXGroup;
			children = (
				272D31DC2BBA4FED001D7875 /* Global */,
				272D31DD2BBA5060001D7875 /* Domain */,
			);
			path = "SSV-app";
			sourceTree = "<group>";
		};
		272D31DC2BBA4FED001D7875 /* Global */ = {
			isa = PBXGroup;
			children = (
				272D32332BBB6278001D7875 /* Regex */,
				272D322F2BBB5535001D7875 /* Base */,
				272D322C2BBB5261001D7875 /* Textfield */,
				272D320C2BBB3F8C001D7875 /* Fonts */,
				272D320B2BBA88A7001D7875 /* Labels */,
				272D32082BBA877F001D7875 /* Texts */,
				272D32052BBA7FCE001D7875 /* Images */,
				272D31FC2BBA5F34001D7875 /* Utils */,
				272D31F42BBA5705001D7875 /* Buttons */,
				272D31EA2BBA541C001D7875 /* Colors */,
				272D31EE2BBA54BC001D7875 /* Extensions */,
			);
			path = Global;
			sourceTree = "<group>";
		};
		272D31DD2BBA5060001D7875 /* Domain */ = {
			isa = PBXGroup;
			children = (
				272D31DF2BBA50E9001D7875 /* App */,
				272D31E32BBA5316001D7875 /* Intro */,
				272D31E22BBA51D5001D7875 /* Home */,
				272D31E12BBA5117001D7875 /* Summary */,
				272D31E42BBA5324001D7875 /* Creation */,
				272D31DE2BBA506F001D7875 /* Resources */,
			);
			path = Domain;
			sourceTree = "<group>";
		};
		272D31DE2BBA506F001D7875 /* Resources */ = {
			isa = PBXGroup;
			children = (
				272D31D12BBA4F7E001D7875 /* Assets.xcassets */,
				272D31D32BBA4F7E001D7875 /* LaunchScreen.storyboard */,
				272D31D62BBA4F7E001D7875 /* Info.plist */,
			);
			name = Resources;
			path = ..;
			sourceTree = "<group>";
		};
		272D31DF2BBA50E9001D7875 /* App */ = {
			isa = PBXGroup;
			children = (
				272D321B2BBB4DAD001D7875 /* Session */,
				272D320F2BBB41AC001D7875 /* Router */,
				272D31E52BBA5343001D7875 /* Configurator */,
				272D31E02BBA50FA001D7875 /* Delegates */,
			);
			path = App;
			sourceTree = "<group>";
		};
		272D31E02BBA50FA001D7875 /* Delegates */ = {
			isa = PBXGroup;
			children = (
				272D31C82BBA4F7D001D7875 /* AppDelegate.swift */,
				272D31CA2BBA4F7D001D7875 /* SceneDelegate.swift */,
			);
			path = Delegates;
			sourceTree = "<group>";
		};
		272D31E12BBA5117001D7875 /* Summary */ = {
			isa = PBXGroup;
			children = (
			);
			path = Summary;
			sourceTree = "<group>";
		};
		272D31E22BBA51D5001D7875 /* Home */ = {
			isa = PBXGroup;
			children = (
				272D323C2BBCB070001D7875 /* Configurator */,
				272D32152BBB49B2001D7875 /* Protocols */,
				272D321A2BBB4C10001D7875 /* Controller */,
				272D32192BBB4C0A001D7875 /* View */,
				272D32182BBB4C06001D7875 /* Router */,
			);
			path = Home;
			sourceTree = "<group>";
		};
		272D31E32BBA5316001D7875 /* Intro */ = {
			isa = PBXGroup;
			children = (
				272D32272BBB504D001D7875 /* Protocols */,
				272D32262BBB503C001D7875 /* Router */,
				272D32252BBB5037001D7875 /* Interactor */,
				272D32242BBB5033001D7875 /* View */,
				272D32232BBB5028001D7875 /* Controller */,
			);
			path = Intro;
			sourceTree = "<group>";
		};
		272D31E42BBA5324001D7875 /* Creation */ = {
			isa = PBXGroup;
			children = (
			);
			path = Creation;
			sourceTree = "<group>";
		};
		272D31E52BBA5343001D7875 /* Configurator */ = {
			isa = PBXGroup;
			children = (
				272D31E62BBA5351001D7875 /* AppConfigurator.swift */,
			);
			path = Configurator;
			sourceTree = "<group>";
		};
		272D31EA2BBA541C001D7875 /* Colors */ = {
			isa = PBXGroup;
			children = (
				272D31EC2BBA543D001D7875 /* MyPigColors.swift */,
			);
			path = Colors;
			sourceTree = "<group>";
		};
		272D31EE2BBA54BC001D7875 /* Extensions */ = {
			isa = PBXGroup;
			children = (
				272D321E2BBB4F49001D7875 /* String */,
				272D32022BBA7F31001D7875 /* UIStackView */,
				272D31FF2BBA7EDA001D7875 /* UIView */,
				272D31EF2BBA54C1001D7875 /* UIColors */,
			);
			path = Extensions;
			sourceTree = "<group>";
		};
		272D31EF2BBA54C1001D7875 /* UIColors */ = {
			isa = PBXGroup;
			children = (
				272D31F02BBA54CF001D7875 /* UIColor+Hex.swift */,
			);
			path = UIColors;
			sourceTree = "<group>";
		};
		272D31F42BBA5705001D7875 /* Buttons */ = {
			isa = PBXGroup;
			children = (
				272D31F52BBA5739001D7875 /* MyPigButton.swift */,
			);
			path = Buttons;
			sourceTree = "<group>";
		};
		272D31FC2BBA5F34001D7875 /* Utils */ = {
			isa = PBXGroup;
			children = (
				272D31FD2BBA5F42001D7875 /* CodableView.swift */,
			);
			path = Utils;
			sourceTree = "<group>";
		};
		272D31FF2BBA7EDA001D7875 /* UIView */ = {
			isa = PBXGroup;
			children = (
				272D32002BBA7EE8001D7875 /* UIView.swift */,
			);
			path = UIView;
			sourceTree = "<group>";
		};
		272D32022BBA7F31001D7875 /* UIStackView */ = {
			isa = PBXGroup;
			children = (
				272D32032BBA7F3A001D7875 /* UIStackView.swift */,
			);
			path = UIStackView;
			sourceTree = "<group>";
		};
		272D32052BBA7FCE001D7875 /* Images */ = {
			isa = PBXGroup;
			children = (
				272D32062BBA7FD5001D7875 /* Images.swift */,
			);
			path = Images;
			sourceTree = "<group>";
		};
		272D32082BBA877F001D7875 /* Texts */ = {
			isa = PBXGroup;
			children = (
				272D32092BBA8787001D7875 /* Texts.swift */,
			);
			path = Texts;
			sourceTree = "<group>";
		};
		272D320B2BBA88A7001D7875 /* Labels */ = {
			isa = PBXGroup;
			children = (
			);
			path = Labels;
			sourceTree = "<group>";
		};
		272D320C2BBB3F8C001D7875 /* Fonts */ = {
			isa = PBXGroup;
			children = (
				272D320D2BBB3F93001D7875 /* Fonts.swift */,
			);
			path = Fonts;
			sourceTree = "<group>";
		};
		272D320F2BBB41AC001D7875 /* Router */ = {
			isa = PBXGroup;
			children = (
				272D32102BBB41B7001D7875 /* AppRouter.swift */,
			);
			path = Router;
			sourceTree = "<group>";
		};
		272D32152BBB49B2001D7875 /* Protocols */ = {
			isa = PBXGroup;
			children = (
				272D32162BBB49C8001D7875 /* Home+Protocols.swift */,
			);
			path = Protocols;
			sourceTree = "<group>";
		};
		272D32182BBB4C06001D7875 /* Router */ = {
			isa = PBXGroup;
			children = (
				272D32132BBB4899001D7875 /* HomeRouter.swift */,
			);
			path = Router;
			sourceTree = "<group>";
		};
		272D32192BBB4C0A001D7875 /* View */ = {
			isa = PBXGroup;
			children = (
				272D31F92BBA582B001D7875 /* HomeView.swift */,
			);
			path = View;
			sourceTree = "<group>";
		};
		272D321A2BBB4C10001D7875 /* Controller */ = {
			isa = PBXGroup;
			children = (
				272D31F72BBA5802001D7875 /* HomeViewController.swift */,
			);
			path = Controller;
			sourceTree = "<group>";
		};
		272D321B2BBB4DAD001D7875 /* Session */ = {
			isa = PBXGroup;
			children = (
				272D32212BBB4F88001D7875 /* Keys.swift */,
				272D321C2BBB4DB6001D7875 /* SessionManager.swift */,
			);
			path = Session;
			sourceTree = "<group>";
		};
		272D321E2BBB4F49001D7875 /* String */ = {
			isa = PBXGroup;
			children = (
				272D321F2BBB4F5C001D7875 /* Optional+String.swift */,
				272D32362BBCA5F1001D7875 /* String.swift */,
			);
			path = String;
			sourceTree = "<group>";
		};
		272D32232BBB5028001D7875 /* Controller */ = {
			isa = PBXGroup;
			children = (
				272D32282BBB5092001D7875 /* IntroViewController.swift */,
			);
			path = Controller;
			sourceTree = "<group>";
		};
		272D32242BBB5033001D7875 /* View */ = {
			isa = PBXGroup;
			children = (
				272D322A2BBB5149001D7875 /* IntroView.swift */,
			);
			path = View;
			sourceTree = "<group>";
		};
		272D32252BBB5037001D7875 /* Interactor */ = {
			isa = PBXGroup;
			children = (
				272D32382BBCACAF001D7875 /* IntroInteractor.swift */,
			);
			path = Interactor;
			sourceTree = "<group>";
		};
		272D32262BBB503C001D7875 /* Router */ = {
			isa = PBXGroup;
			children = (
				272D323A2BBCAE60001D7875 /* IntroRouter.swift */,
			);
			path = Router;
			sourceTree = "<group>";
		};
		272D32272BBB504D001D7875 /* Protocols */ = {
			isa = PBXGroup;
			children = (
				272D323F2BBCB490001D7875 /* Intro+Protocol.swift */,
			);
			path = Protocols;
			sourceTree = "<group>";
		};
		272D322C2BBB5261001D7875 /* Textfield */ = {
			isa = PBXGroup;
			children = (
				272D322D2BBB526B001D7875 /* Textfield.swift */,
			);
			path = Textfield;
			sourceTree = "<group>";
		};
		272D322F2BBB5535001D7875 /* Base */ = {
			isa = PBXGroup;
			children = (
				272D32302BBB5540001D7875 /* UIView */,
			);
			path = Base;
			sourceTree = "<group>";
		};
		272D32302BBB5540001D7875 /* UIView */ = {
			isa = PBXGroup;
			children = (
				272D32312BBB5547001D7875 /* GreenView.swift */,
			);
			path = UIView;
			sourceTree = "<group>";
		};
		272D32332BBB6278001D7875 /* Regex */ = {
			isa = PBXGroup;
			children = (
				272D32342BBB6280001D7875 /* Regex.swift */,
			);
			path = Regex;
			sourceTree = "<group>";
		};
		272D323C2BBCB070001D7875 /* Configurator */ = {
			isa = PBXGroup;
			children = (
				272D323D2BBCB07D001D7875 /* HomeConfigurator.swift */,
			);
			path = Configurator;
			sourceTree = "<group>";
		};
/* End PBXGroup section */

/* Begin PBXNativeTarget section */
		272D31C42BBA4F7D001D7875 /* SSV-app */ = {
			isa = PBXNativeTarget;
			buildConfigurationList = 272D31D92BBA4F7E001D7875 /* Build configuration list for PBXNativeTarget "SSV-app" */;
			buildPhases = (
				272D31C12BBA4F7D001D7875 /* Sources */,
				272D31C22BBA4F7D001D7875 /* Frameworks */,
				272D31C32BBA4F7D001D7875 /* Resources */,
			);
			buildRules = (
			);
			dependencies = (
			);
			name = "SSV-app";
			productName = "SSV-app";
			productReference = 272D31C52BBA4F7D001D7875 /* SSV-app.app */;
			productType = "com.apple.product-type.application";
		};
/* End PBXNativeTarget section */

/* Begin PBXProject section */
		272D31BD2BBA4F7D001D7875 /* Project object */ = {
			isa = PBXProject;
			attributes = {
				BuildIndependentTargetsInParallel = 1;
				LastSwiftUpdateCheck = 1530;
				LastUpgradeCheck = 1530;
				TargetAttributes = {
					272D31C42BBA4F7D001D7875 = {
						CreatedOnToolsVersion = 15.3;
					};
				};
			};
			buildConfigurationList = 272D31C02BBA4F7D001D7875 /* Build configuration list for PBXProject "SSV-app" */;
			compatibilityVersion = "Xcode 14.0";
			developmentRegion = en;
			hasScannedForEncodings = 0;
			knownRegions = (
				en,
				Base,
			);
			mainGroup = 272D31BC2BBA4F7D001D7875;
			productRefGroup = 272D31C62BBA4F7D001D7875 /* Products */;
			projectDirPath = "";
			projectRoot = "";
			targets = (
				272D31C42BBA4F7D001D7875 /* SSV-app */,
			);
		};
/* End PBXProject section */

/* Begin PBXResourcesBuildPhase section */
		272D31C32BBA4F7D001D7875 /* Resources */ = {
			isa = PBXResourcesBuildPhase;
			buildActionMask = 2147483647;
			files = (
				272D31D22BBA4F7E001D7875 /* Assets.xcassets in Resources */,
				272D31D52BBA4F7E001D7875 /* Base in Resources */,
			);
			runOnlyForDeploymentPostprocessing = 0;
		};
/* End PBXResourcesBuildPhase section */

/* Begin PBXSourcesBuildPhase section */
		272D31C12BBA4F7D001D7875 /* Sources */ = {
			isa = PBXSourcesBuildPhase;
			buildActionMask = 2147483647;
			files = (
				272D320E2BBB3F93001D7875 /* Fonts.swift in Sources */,
				272D323B2BBCAE60001D7875 /* IntroRouter.swift in Sources */,
				272D32012BBA7EE8001D7875 /* UIView.swift in Sources */,
				272D323E2BBCB07D001D7875 /* HomeConfigurator.swift in Sources */,
				272D321D2BBB4DB6001D7875 /* SessionManager.swift in Sources */,
				272D32072BBA7FD5001D7875 /* Images.swift in Sources */,
				272D32172BBB49C8001D7875 /* Home+Protocols.swift in Sources */,
				272D31ED2BBA543D001D7875 /* MyPigColors.swift in Sources */,
				272D32322BBB5547001D7875 /* GreenView.swift in Sources */,
				272D31C92BBA4F7D001D7875 /* AppDelegate.swift in Sources */,
				272D32142BBB4899001D7875 /* HomeRouter.swift in Sources */,
				272D32042BBA7F3A001D7875 /* UIStackView.swift in Sources */,
				272D322B2BBB5149001D7875 /* IntroView.swift in Sources */,
				272D32292BBB5092001D7875 /* IntroViewController.swift in Sources */,
				272D32222BBB4F88001D7875 /* Keys.swift in Sources */,
				272D31F62BBA5739001D7875 /* MyPigButton.swift in Sources */,
				272D32372BBCA5F1001D7875 /* String.swift in Sources */,
				272D32202BBB4F5C001D7875 /* Optional+String.swift in Sources */,
				272D322E2BBB526B001D7875 /* Textfield.swift in Sources */,
				272D31CB2BBA4F7D001D7875 /* SceneDelegate.swift in Sources */,
				272D32112BBB41B7001D7875 /* AppRouter.swift in Sources */,
				272D31FE2BBA5F43001D7875 /* CodableView.swift in Sources */,
				272D320A2BBA8787001D7875 /* Texts.swift in Sources */,
				272D31E72BBA5351001D7875 /* AppConfigurator.swift in Sources */,
				272D32352BBB6280001D7875 /* Regex.swift in Sources */,
				272D32392BBCACAF001D7875 /* IntroInteractor.swift in Sources */,
				272D32402BBCB490001D7875 /* Intro+Protocol.swift in Sources */,
				272D31FA2BBA582B001D7875 /* HomeView.swift in Sources */,
				272D31F82BBA5802001D7875 /* HomeViewController.swift in Sources */,
				272D31F12BBA54CF001D7875 /* UIColor+Hex.swift in Sources */,
			);
			runOnlyForDeploymentPostprocessing = 0;
		};
/* End PBXSourcesBuildPhase section */

/* Begin PBXVariantGroup section */
		272D31D32BBA4F7E001D7875 /* LaunchScreen.storyboard */ = {
			isa = PBXVariantGroup;
			children = (
				272D31D42BBA4F7E001D7875 /* Base */,
			);
			name = LaunchScreen.storyboard;
			sourceTree = "<group>";
		};
/* End PBXVariantGroup section */

/* Begin XCBuildConfiguration section */
		272D31D72BBA4F7E001D7875 /* Debug */ = {
			isa = XCBuildConfiguration;
			buildSettings = {
				ALWAYS_SEARCH_USER_PATHS = NO;
				ASSETCATALOG_COMPILER_GENERATE_SWIFT_ASSET_SYMBOL_EXTENSIONS = YES;
				CLANG_ANALYZER_NONNULL = YES;
				CLANG_ANALYZER_NUMBER_OBJECT_CONVERSION = YES_AGGRESSIVE;
				CLANG_CXX_LANGUAGE_STANDARD = "gnu++20";
				CLANG_ENABLE_MODULES = YES;
				CLANG_ENABLE_OBJC_ARC = YES;
				CLANG_ENABLE_OBJC_WEAK = YES;
				CLANG_WARN_BLOCK_CAPTURE_AUTORELEASING = YES;
				CLANG_WARN_BOOL_CONVERSION = YES;
				CLANG_WARN_COMMA = YES;
				CLANG_WARN_CONSTANT_CONVERSION = YES;
				CLANG_WARN_DEPRECATED_OBJC_IMPLEMENTATIONS = YES;
				CLANG_WARN_DIRECT_OBJC_ISA_USAGE = YES_ERROR;
				CLANG_WARN_DOCUMENTATION_COMMENTS = YES;
				CLANG_WARN_EMPTY_BODY = YES;
				CLANG_WARN_ENUM_CONVERSION = YES;
				CLANG_WARN_INFINITE_RECURSION = YES;
				CLANG_WARN_INT_CONVERSION = YES;
				CLANG_WARN_NON_LITERAL_NULL_CONVERSION = YES;
				CLANG_WARN_OBJC_IMPLICIT_RETAIN_SELF = YES;
				CLANG_WARN_OBJC_LITERAL_CONVERSION = YES;
				CLANG_WARN_OBJC_ROOT_CLASS = YES_ERROR;
				CLANG_WARN_QUOTED_INCLUDE_IN_FRAMEWORK_HEADER = YES;
				CLANG_WARN_RANGE_LOOP_ANALYSIS = YES;
				CLANG_WARN_STRICT_PROTOTYPES = YES;
				CLANG_WARN_SUSPICIOUS_MOVE = YES;
				CLANG_WARN_UNGUARDED_AVAILABILITY = YES_AGGRESSIVE;
				CLANG_WARN_UNREACHABLE_CODE = YES;
				CLANG_WARN__DUPLICATE_METHOD_MATCH = YES;
				COPY_PHASE_STRIP = NO;
				DEBUG_INFORMATION_FORMAT = dwarf;
				ENABLE_STRICT_OBJC_MSGSEND = YES;
				ENABLE_TESTABILITY = YES;
				ENABLE_USER_SCRIPT_SANDBOXING = YES;
				GCC_C_LANGUAGE_STANDARD = gnu17;
				GCC_DYNAMIC_NO_PIC = NO;
				GCC_NO_COMMON_BLOCKS = YES;
				GCC_OPTIMIZATION_LEVEL = 0;
				GCC_PREPROCESSOR_DEFINITIONS = (
					"DEBUG=1",
					"$(inherited)",
				);
				GCC_WARN_64_TO_32_BIT_CONVERSION = YES;
				GCC_WARN_ABOUT_RETURN_TYPE = YES_ERROR;
				GCC_WARN_UNDECLARED_SELECTOR = YES;
				GCC_WARN_UNINITIALIZED_AUTOS = YES_AGGRESSIVE;
				GCC_WARN_UNUSED_FUNCTION = YES;
				GCC_WARN_UNUSED_VARIABLE = YES;
				IPHONEOS_DEPLOYMENT_TARGET = 17.4;
				LOCALIZATION_PREFERS_STRING_CATALOGS = YES;
				MTL_ENABLE_DEBUG_INFO = INCLUDE_SOURCE;
				MTL_FAST_MATH = YES;
				ONLY_ACTIVE_ARCH = YES;
				SDKROOT = iphoneos;
				SWIFT_ACTIVE_COMPILATION_CONDITIONS = "DEBUG $(inherited)";
				SWIFT_OPTIMIZATION_LEVEL = "-Onone";
			};
			name = Debug;
		};
		272D31D82BBA4F7E001D7875 /* Release */ = {
			isa = XCBuildConfiguration;
			buildSettings = {
				ALWAYS_SEARCH_USER_PATHS = NO;
				ASSETCATALOG_COMPILER_GENERATE_SWIFT_ASSET_SYMBOL_EXTENSIONS = YES;
				CLANG_ANALYZER_NONNULL = YES;
				CLANG_ANALYZER_NUMBER_OBJECT_CONVERSION = YES_AGGRESSIVE;
				CLANG_CXX_LANGUAGE_STANDARD = "gnu++20";
				CLANG_ENABLE_MODULES = YES;
				CLANG_ENABLE_OBJC_ARC = YES;
				CLANG_ENABLE_OBJC_WEAK = YES;
				CLANG_WARN_BLOCK_CAPTURE_AUTORELEASING = YES;
				CLANG_WARN_BOOL_CONVERSION = YES;
				CLANG_WARN_COMMA = YES;
				CLANG_WARN_CONSTANT_CONVERSION = YES;
				CLANG_WARN_DEPRECATED_OBJC_IMPLEMENTATIONS = YES;
				CLANG_WARN_DIRECT_OBJC_ISA_USAGE = YES_ERROR;
				CLANG_WARN_DOCUMENTATION_COMMENTS = YES;
				CLANG_WARN_EMPTY_BODY = YES;
				CLANG_WARN_ENUM_CONVERSION = YES;
				CLANG_WARN_INFINITE_RECURSION = YES;
				CLANG_WARN_INT_CONVERSION = YES;
				CLANG_WARN_NON_LITERAL_NULL_CONVERSION = YES;
				CLANG_WARN_OBJC_IMPLICIT_RETAIN_SELF = YES;
				CLANG_WARN_OBJC_LITERAL_CONVERSION = YES;
				CLANG_WARN_OBJC_ROOT_CLASS = YES_ERROR;
				CLANG_WARN_QUOTED_INCLUDE_IN_FRAMEWORK_HEADER = YES;
				CLANG_WARN_RANGE_LOOP_ANALYSIS = YES;
				CLANG_WARN_STRICT_PROTOTYPES = YES;
				CLANG_WARN_SUSPICIOUS_MOVE = YES;
				CLANG_WARN_UNGUARDED_AVAILABILITY = YES_AGGRESSIVE;
				CLANG_WARN_UNREACHABLE_CODE = YES;
				CLANG_WARN__DUPLICATE_METHOD_MATCH = YES;
				COPY_PHASE_STRIP = NO;
				DEBUG_INFORMATION_FORMAT = "dwarf-with-dsym";
				ENABLE_NS_ASSERTIONS = NO;
				ENABLE_STRICT_OBJC_MSGSEND = YES;
				ENABLE_USER_SCRIPT_SANDBOXING = YES;
				GCC_C_LANGUAGE_STANDARD = gnu17;
				GCC_NO_COMMON_BLOCKS = YES;
				GCC_WARN_64_TO_32_BIT_CONVERSION = YES;
				GCC_WARN_ABOUT_RETURN_TYPE = YES_ERROR;
				GCC_WARN_UNDECLARED_SELECTOR = YES;
				GCC_WARN_UNINITIALIZED_AUTOS = YES_AGGRESSIVE;
				GCC_WARN_UNUSED_FUNCTION = YES;
				GCC_WARN_UNUSED_VARIABLE = YES;
				IPHONEOS_DEPLOYMENT_TARGET = 17.4;
				LOCALIZATION_PREFERS_STRING_CATALOGS = YES;
				MTL_ENABLE_DEBUG_INFO = NO;
				MTL_FAST_MATH = YES;
				SDKROOT = iphoneos;
				SWIFT_COMPILATION_MODE = wholemodule;
				VALIDATE_PRODUCT = YES;
			};
			name = Release;
		};
		272D31DA2BBA4F7E001D7875 /* Debug */ = {
			isa = XCBuildConfiguration;
			buildSettings = {
				ASSETCATALOG_COMPILER_APPICON_NAME = AppIcon;
				ASSETCATALOG_COMPILER_GLOBAL_ACCENT_COLOR_NAME = AccentColor;
				CODE_SIGN_STYLE = Automatic;
				CURRENT_PROJECT_VERSION = 1;
				DEVELOPMENT_TEAM = 56293NUR34;
				GENERATE_INFOPLIST_FILE = YES;
				INFOPLIST_FILE = "SSV-app/Info.plist";
				INFOPLIST_KEY_UIApplicationSupportsIndirectInputEvents = YES;
				INFOPLIST_KEY_UILaunchStoryboardName = LaunchScreen;
				INFOPLIST_KEY_UISupportedInterfaceOrientations_iPad = "UIInterfaceOrientationPortrait UIInterfaceOrientationPortraitUpsideDown UIInterfaceOrientationLandscapeLeft UIInterfaceOrientationLandscapeRight";
				INFOPLIST_KEY_UISupportedInterfaceOrientations_iPhone = "UIInterfaceOrientationPortrait UIInterfaceOrientationLandscapeLeft UIInterfaceOrientationLandscapeRight";
				IPHONEOS_DEPLOYMENT_TARGET = 17.0;
				LD_RUNPATH_SEARCH_PATHS = (
					"$(inherited)",
					"@executable_path/Frameworks",
				);
				MARKETING_VERSION = 1.0;
				PRODUCT_BUNDLE_IDENTIFIER = "com.projects.SSV-app";
				PRODUCT_NAME = "$(TARGET_NAME)";
				SWIFT_EMIT_LOC_STRINGS = YES;
				SWIFT_VERSION = 5.0;
				TARGETED_DEVICE_FAMILY = "1,2";
			};
			name = Debug;
		};
		272D31DB2BBA4F7E001D7875 /* Release */ = {
			isa = XCBuildConfiguration;
			buildSettings = {
				ASSETCATALOG_COMPILER_APPICON_NAME = AppIcon;
				ASSETCATALOG_COMPILER_GLOBAL_ACCENT_COLOR_NAME = AccentColor;
				CODE_SIGN_STYLE = Automatic;
				CURRENT_PROJECT_VERSION = 1;
				DEVELOPMENT_TEAM = 56293NUR34;
				GENERATE_INFOPLIST_FILE = YES;
				INFOPLIST_FILE = "SSV-app/Info.plist";
				INFOPLIST_KEY_UIApplicationSupportsIndirectInputEvents = YES;
				INFOPLIST_KEY_UILaunchStoryboardName = LaunchScreen;
				INFOPLIST_KEY_UISupportedInterfaceOrientations_iPad = "UIInterfaceOrientationPortrait UIInterfaceOrientationPortraitUpsideDown UIInterfaceOrientationLandscapeLeft UIInterfaceOrientationLandscapeRight";
				INFOPLIST_KEY_UISupportedInterfaceOrientations_iPhone = "UIInterfaceOrientationPortrait UIInterfaceOrientationLandscapeLeft UIInterfaceOrientationLandscapeRight";
				IPHONEOS_DEPLOYMENT_TARGET = 17.0;
				LD_RUNPATH_SEARCH_PATHS = (
					"$(inherited)",
					"@executable_path/Frameworks",
				);
				MARKETING_VERSION = 1.0;
				PRODUCT_BUNDLE_IDENTIFIER = "com.projects.SSV-app";
				PRODUCT_NAME = "$(TARGET_NAME)";
				SWIFT_EMIT_LOC_STRINGS = YES;
				SWIFT_VERSION = 5.0;
				TARGETED_DEVICE_FAMILY = "1,2";
			};
			name = Release;
		};
/* End XCBuildConfiguration section */

/* Begin XCConfigurationList section */
		272D31C02BBA4F7D001D7875 /* Build configuration list for PBXProject "SSV-app" */ = {
			isa = XCConfigurationList;
			buildConfigurations = (
				272D31D72BBA4F7E001D7875 /* Debug */,
				272D31D82BBA4F7E001D7875 /* Release */,
			);
			defaultConfigurationIsVisible = 0;
			defaultConfigurationName = Release;
		};
		272D31D92BBA4F7E001D7875 /* Build configuration list for PBXNativeTarget "SSV-app" */ = {
			isa = XCConfigurationList;
			buildConfigurations = (
				272D31DA2BBA4F7E001D7875 /* Debug */,
				272D31DB2BBA4F7E001D7875 /* Release */,
			);
			defaultConfigurationIsVisible = 0;
			defaultConfigurationName = Release;
		};
/* End XCConfigurationList section */
	};
	rootObject = 272D31BD2BBA4F7D001D7875 /* Project object */;
}
